
Microsoft Visual Studio Solution File, Format Version 12.00
# Visual Studio Version 16
VisualStudioVersion = 16.0.30330.147
MinimumVisualStudioVersion = 10.0.40219.1
Project("{8BC9CEB8-8B4A-11D0-8D11-00A0C91BC942}") = "BOJ_14501", "BOJ_14501\BOJ_14501.vcxproj", "{DA1231B1-422D-4320-84A2-6F56DB76DF76}"
EndProject
Global
	GlobalSection(SolutionConfigurationPlatforms) = preSolution
		Debug|x64 = Debug|x64
		Debug|x86 = Debug|x86
		Release|x64 = Release|x64
		Release|x86 = Release|x86
	EndGlobalSection
	GlobalSection(ProjectConfigurationPlatforms) = postSolution
		{DA1231B1-422D-4320-84A2-6F56DB76DF76}.Debug|x64.ActiveCfg = Debug|x64
		{DA1231B1-422D-4320-84A2-6F56DB76DF76}.Debug|x64.Build.0 = Debug|x64
		{DA1231B1-422D-4320-84A2-6F56DB76DF76}.Debug|x86.ActiveCfg = Debug|Win32
		{DA1231B1-422D-4320-84A2-6F56DB76DF76}.Debug|x86.Build.0 = Debug|Win32
		{DA1231B1-422D-4320-84A2-6F56DB76DF76}.Release|x64.ActiveCfg = Release|x64
		{DA1231B1-422D-4320-84A2-6F56DB76DF76}.Release|x64.Build.0 = Release|x64
		{DA1231B1-422D-4320-84A2-6F56DB76DF76}.Release|x86.ActiveCfg = Release|Win32
		{DA1231B1-422D-4320-84A2-6F56DB76DF76}.Release|x86.Build.0 = Release|Win32
	EndGlobalSection
	GlobalSection(SolutionProperties) = preSolution
		HideSolutionNode = FALSE
	EndGlobalSection
	GlobalSection(ExtensibilityGlobals) = postSolution
		SolutionGuid = {56B6E119-B4D7-47D9-BB95-3C6962106B9E}
	EndGlobalSection
EndGlobal
