
Microsoft Visual Studio Solution File, Format Version 12.00
# Visual Studio Version 16
VisualStudioVersion = 16.0.30804.86
MinimumVisualStudioVersion = 10.0.40219.1
Project("{8BC9CEB8-8B4A-11D0-8D11-00A0C91BC942}") = "BOJ_1644", "BOJ_1644\BOJ_1644.vcxproj", "{E32251B6-0AC1-4C5E-A96D-916440C6DACD}"
EndProject
Global
	GlobalSection(SolutionConfigurationPlatforms) = preSolution
		Debug|x64 = Debug|x64
		Debug|x86 = Debug|x86
		Release|x64 = Release|x64
		Release|x86 = Release|x86
	EndGlobalSection
	GlobalSection(ProjectConfigurationPlatforms) = postSolution
		{E32251B6-0AC1-4C5E-A96D-916440C6DACD}.Debug|x64.ActiveCfg = Debug|x64
		{E32251B6-0AC1-4C5E-A96D-916440C6DACD}.Debug|x64.Build.0 = Debug|x64
		{E32251B6-0AC1-4C5E-A96D-916440C6DACD}.Debug|x86.ActiveCfg = Debug|Win32
		{E32251B6-0AC1-4C5E-A96D-916440C6DACD}.Debug|x86.Build.0 = Debug|Win32
		{E32251B6-0AC1-4C5E-A96D-916440C6DACD}.Release|x64.ActiveCfg = Release|x64
		{E32251B6-0AC1-4C5E-A96D-916440C6DACD}.Release|x64.Build.0 = Release|x64
		{E32251B6-0AC1-4C5E-A96D-916440C6DACD}.Release|x86.ActiveCfg = Release|Win32
		{E32251B6-0AC1-4C5E-A96D-916440C6DACD}.Release|x86.Build.0 = Release|Win32
	EndGlobalSection
	GlobalSection(SolutionProperties) = preSolution
		HideSolutionNode = FALSE
	EndGlobalSection
	GlobalSection(ExtensibilityGlobals) = postSolution
		SolutionGuid = {486024C5-39CF-465C-88A1-E7AEE9907C66}
	EndGlobalSection
EndGlobal
