
Microsoft Visual Studio Solution File, Format Version 12.00
# Visual Studio Version 16
VisualStudioVersion = 16.0.30330.147
MinimumVisualStudioVersion = 10.0.40219.1
Project("{8BC9CEB8-8B4A-11D0-8D11-00A0C91BC942}") = "해킹", "해킹\해킹.vcxproj", "{1457C439-6874-44A8-B056-4E74058F122D}"
EndProject
Global
	GlobalSection(SolutionConfigurationPlatforms) = preSolution
		Debug|x64 = Debug|x64
		Debug|x86 = Debug|x86
		Release|x64 = Release|x64
		Release|x86 = Release|x86
	EndGlobalSection
	GlobalSection(ProjectConfigurationPlatforms) = postSolution
		{1457C439-6874-44A8-B056-4E74058F122D}.Debug|x64.ActiveCfg = Debug|x64
		{1457C439-6874-44A8-B056-4E74058F122D}.Debug|x64.Build.0 = Debug|x64
		{1457C439-6874-44A8-B056-4E74058F122D}.Debug|x86.ActiveCfg = Debug|Win32
		{1457C439-6874-44A8-B056-4E74058F122D}.Debug|x86.Build.0 = Debug|Win32
		{1457C439-6874-44A8-B056-4E74058F122D}.Release|x64.ActiveCfg = Release|x64
		{1457C439-6874-44A8-B056-4E74058F122D}.Release|x64.Build.0 = Release|x64
		{1457C439-6874-44A8-B056-4E74058F122D}.Release|x86.ActiveCfg = Release|Win32
		{1457C439-6874-44A8-B056-4E74058F122D}.Release|x86.Build.0 = Release|Win32
	EndGlobalSection
	GlobalSection(SolutionProperties) = preSolution
		HideSolutionNode = FALSE
	EndGlobalSection
	GlobalSection(ExtensibilityGlobals) = postSolution
		SolutionGuid = {03C298D2-A676-47C0-B684-AA1EF3F69556}
	EndGlobalSection
EndGlobal
