
Microsoft Visual Studio Solution File, Format Version 12.00
# Visual Studio Version 16
VisualStudioVersion = 16.0.30804.86
MinimumVisualStudioVersion = 10.0.40219.1
Project("{8BC9CEB8-8B4A-11D0-8D11-00A0C91BC942}") = "BOJ_12100", "BOJ_12100\BOJ_12100.vcxproj", "{09E52475-B2B5-49BE-994A-D1E8D556B8BA}"
EndProject
Global
	GlobalSection(SolutionConfigurationPlatforms) = preSolution
		Debug|x64 = Debug|x64
		Debug|x86 = Debug|x86
		Release|x64 = Release|x64
		Release|x86 = Release|x86
	EndGlobalSection
	GlobalSection(ProjectConfigurationPlatforms) = postSolution
		{09E52475-B2B5-49BE-994A-D1E8D556B8BA}.Debug|x64.ActiveCfg = Debug|x64
		{09E52475-B2B5-49BE-994A-D1E8D556B8BA}.Debug|x64.Build.0 = Debug|x64
		{09E52475-B2B5-49BE-994A-D1E8D556B8BA}.Debug|x86.ActiveCfg = Debug|Win32
		{09E52475-B2B5-49BE-994A-D1E8D556B8BA}.Debug|x86.Build.0 = Debug|Win32
		{09E52475-B2B5-49BE-994A-D1E8D556B8BA}.Release|x64.ActiveCfg = Release|x64
		{09E52475-B2B5-49BE-994A-D1E8D556B8BA}.Release|x64.Build.0 = Release|x64
		{09E52475-B2B5-49BE-994A-D1E8D556B8BA}.Release|x86.ActiveCfg = Release|Win32
		{09E52475-B2B5-49BE-994A-D1E8D556B8BA}.Release|x86.Build.0 = Release|Win32
	EndGlobalSection
	GlobalSection(SolutionProperties) = preSolution
		HideSolutionNode = FALSE
	EndGlobalSection
	GlobalSection(ExtensibilityGlobals) = postSolution
		SolutionGuid = {00575349-6AF0-4686-BD55-946EF39A9855}
	EndGlobalSection
EndGlobal
