
Microsoft Visual Studio Solution File, Format Version 12.00
# Visual Studio Version 16
VisualStudioVersion = 16.0.30330.147
MinimumVisualStudioVersion = 10.0.40219.1
Project("{8BC9CEB8-8B4A-11D0-8D11-00A0C91BC942}") = "배2", "배2\배2.vcxproj", "{56F6C845-0E56-4E42-8959-A00880200676}"
EndProject
Global
	GlobalSection(SolutionConfigurationPlatforms) = preSolution
		Debug|x64 = Debug|x64
		Debug|x86 = Debug|x86
		Release|x64 = Release|x64
		Release|x86 = Release|x86
	EndGlobalSection
	GlobalSection(ProjectConfigurationPlatforms) = postSolution
		{56F6C845-0E56-4E42-8959-A00880200676}.Debug|x64.ActiveCfg = Debug|x64
		{56F6C845-0E56-4E42-8959-A00880200676}.Debug|x64.Build.0 = Debug|x64
		{56F6C845-0E56-4E42-8959-A00880200676}.Debug|x86.ActiveCfg = Debug|Win32
		{56F6C845-0E56-4E42-8959-A00880200676}.Debug|x86.Build.0 = Debug|Win32
		{56F6C845-0E56-4E42-8959-A00880200676}.Release|x64.ActiveCfg = Release|x64
		{56F6C845-0E56-4E42-8959-A00880200676}.Release|x64.Build.0 = Release|x64
		{56F6C845-0E56-4E42-8959-A00880200676}.Release|x86.ActiveCfg = Release|Win32
		{56F6C845-0E56-4E42-8959-A00880200676}.Release|x86.Build.0 = Release|Win32
	EndGlobalSection
	GlobalSection(SolutionProperties) = preSolution
		HideSolutionNode = FALSE
	EndGlobalSection
	GlobalSection(ExtensibilityGlobals) = postSolution
		SolutionGuid = {F8F9A526-7EA6-42DE-A4C4-2B6F96F6EDF9}
	EndGlobalSection
EndGlobal
