
Microsoft Visual Studio Solution File, Format Version 12.00
# Visual Studio Version 16
VisualStudioVersion = 16.0.30330.147
MinimumVisualStudioVersion = 10.0.40219.1
Project("{8BC9CEB8-8B4A-11D0-8D11-00A0C91BC942}") = "BOJ_10989", "BOJ_10989\BOJ_10989.vcxproj", "{61FB464C-6C86-4F6E-8AC2-2624B941DF1C}"
EndProject
Global
	GlobalSection(SolutionConfigurationPlatforms) = preSolution
		Debug|x64 = Debug|x64
		Debug|x86 = Debug|x86
		Release|x64 = Release|x64
		Release|x86 = Release|x86
	EndGlobalSection
	GlobalSection(ProjectConfigurationPlatforms) = postSolution
		{61FB464C-6C86-4F6E-8AC2-2624B941DF1C}.Debug|x64.ActiveCfg = Debug|x64
		{61FB464C-6C86-4F6E-8AC2-2624B941DF1C}.Debug|x64.Build.0 = Debug|x64
		{61FB464C-6C86-4F6E-8AC2-2624B941DF1C}.Debug|x86.ActiveCfg = Debug|Win32
		{61FB464C-6C86-4F6E-8AC2-2624B941DF1C}.Debug|x86.Build.0 = Debug|Win32
		{61FB464C-6C86-4F6E-8AC2-2624B941DF1C}.Release|x64.ActiveCfg = Release|x64
		{61FB464C-6C86-4F6E-8AC2-2624B941DF1C}.Release|x64.Build.0 = Release|x64
		{61FB464C-6C86-4F6E-8AC2-2624B941DF1C}.Release|x86.ActiveCfg = Release|Win32
		{61FB464C-6C86-4F6E-8AC2-2624B941DF1C}.Release|x86.Build.0 = Release|Win32
	EndGlobalSection
	GlobalSection(SolutionProperties) = preSolution
		HideSolutionNode = FALSE
	EndGlobalSection
	GlobalSection(ExtensibilityGlobals) = postSolution
		SolutionGuid = {9FF796B2-00C0-4755-ACDA-AAE8D1DC0EE2}
	EndGlobalSection
EndGlobal
