
Microsoft Visual Studio Solution File, Format Version 12.00
# Visual Studio Version 16
VisualStudioVersion = 16.0.30330.147
MinimumVisualStudioVersion = 10.0.40219.1
Project("{8BC9CEB8-8B4A-11D0-8D11-00A0C91BC942}") = "효율적인 해킹", "효율적인 해킹\효율적인 해킹.vcxproj", "{A496E193-C952-472C-9880-B467D33A36ED}"
EndProject
Global
	GlobalSection(SolutionConfigurationPlatforms) = preSolution
		Debug|x64 = Debug|x64
		Debug|x86 = Debug|x86
		Release|x64 = Release|x64
		Release|x86 = Release|x86
	EndGlobalSection
	GlobalSection(ProjectConfigurationPlatforms) = postSolution
		{A496E193-C952-472C-9880-B467D33A36ED}.Debug|x64.ActiveCfg = Debug|x64
		{A496E193-C952-472C-9880-B467D33A36ED}.Debug|x64.Build.0 = Debug|x64
		{A496E193-C952-472C-9880-B467D33A36ED}.Debug|x86.ActiveCfg = Debug|Win32
		{A496E193-C952-472C-9880-B467D33A36ED}.Debug|x86.Build.0 = Debug|Win32
		{A496E193-C952-472C-9880-B467D33A36ED}.Release|x64.ActiveCfg = Release|x64
		{A496E193-C952-472C-9880-B467D33A36ED}.Release|x64.Build.0 = Release|x64
		{A496E193-C952-472C-9880-B467D33A36ED}.Release|x86.ActiveCfg = Release|Win32
		{A496E193-C952-472C-9880-B467D33A36ED}.Release|x86.Build.0 = Release|Win32
	EndGlobalSection
	GlobalSection(SolutionProperties) = preSolution
		HideSolutionNode = FALSE
	EndGlobalSection
	GlobalSection(ExtensibilityGlobals) = postSolution
		SolutionGuid = {B5F9FB49-5ABF-4568-9E41-A9603EBA7FFF}
	EndGlobalSection
EndGlobal
