
Microsoft Visual Studio Solution File, Format Version 12.00
# Visual Studio Version 16
VisualStudioVersion = 16.0.30330.147
MinimumVisualStudioVersion = 10.0.40219.1
Project("{8BC9CEB8-8B4A-11D0-8D11-00A0C91BC942}") = "알고스팟", "알고스팟\알고스팟.vcxproj", "{6306CD2C-93E8-4B77-B8B6-523398D3320C}"
EndProject
Global
	GlobalSection(SolutionConfigurationPlatforms) = preSolution
		Debug|x64 = Debug|x64
		Debug|x86 = Debug|x86
		Release|x64 = Release|x64
		Release|x86 = Release|x86
	EndGlobalSection
	GlobalSection(ProjectConfigurationPlatforms) = postSolution
		{6306CD2C-93E8-4B77-B8B6-523398D3320C}.Debug|x64.ActiveCfg = Debug|x64
		{6306CD2C-93E8-4B77-B8B6-523398D3320C}.Debug|x64.Build.0 = Debug|x64
		{6306CD2C-93E8-4B77-B8B6-523398D3320C}.Debug|x86.ActiveCfg = Debug|Win32
		{6306CD2C-93E8-4B77-B8B6-523398D3320C}.Debug|x86.Build.0 = Debug|Win32
		{6306CD2C-93E8-4B77-B8B6-523398D3320C}.Release|x64.ActiveCfg = Release|x64
		{6306CD2C-93E8-4B77-B8B6-523398D3320C}.Release|x64.Build.0 = Release|x64
		{6306CD2C-93E8-4B77-B8B6-523398D3320C}.Release|x86.ActiveCfg = Release|Win32
		{6306CD2C-93E8-4B77-B8B6-523398D3320C}.Release|x86.Build.0 = Release|Win32
	EndGlobalSection
	GlobalSection(SolutionProperties) = preSolution
		HideSolutionNode = FALSE
	EndGlobalSection
	GlobalSection(ExtensibilityGlobals) = postSolution
		SolutionGuid = {9BD8537D-0B20-4F72-823B-5E2ED93E2123}
	EndGlobalSection
EndGlobal
